// !$*UTF8*$!
{
	archiveVersion = 1;
	classes = {
	};
	objectVersion = 46;
	objects = {

/* Begin PBXBuildFile section */
		3F09DBB81C8E3FFC00B9E41D /* main.m in Sources */ = {isa = PBXBuildFile; fileRef = 3F09DBB71C8E3FFC00B9E41D /* main.m */; };
		3F09DBBB1C8E3FFC00B9E41D /* AppDelegate.m in Sources */ = {isa = PBXBuildFile; fileRef = 3F09DBBA1C8E3FFC00B9E41D /* AppDelegate.m */; };
		3F09DBBE1C8E3FFC00B9E41D /* ViewController.m in Sources */ = {isa = PBXBuildFile; fileRef = 3F09DBBD1C8E3FFC00B9E41D /* ViewController.m */; };
		3F09DBC11C8E3FFC00B9E41D /* Main.storyboard in Resources */ = {isa = PBXBuildFile; fileRef = 3F09DBBF1C8E3FFC00B9E41D /* Main.storyboard */; };
		3F09DBC41C8E3FFC00B9E41D /* WeatherApp.xcdatamodeld in Sources */ = {isa = PBXBuildFile; fileRef = 3F09DBC21C8E3FFC00B9E41D /* WeatherApp.xcdatamodeld */; };
		3F09DBC61C8E3FFC00B9E41D /* Assets.xcassets in Resources */ = {isa = PBXBuildFile; fileRef = 3F09DBC51C8E3FFC00B9E41D /* Assets.xcassets */; };
		3F09DBC91C8E3FFC00B9E41D /* LaunchScreen.storyboard in Resources */ = {isa = PBXBuildFile; fileRef = 3F09DBC71C8E3FFC00B9E41D /* LaunchScreen.storyboard */; };
/* End PBXBuildFile section */

/* Begin PBXFileReference section */
		3F09DBB31C8E3FFC00B9E41D /* WeatherApp.app */ = {isa = PBXFileReference; explicitFileType = wrapper.application; includeInIndex = 0; path = WeatherApp.app; sourceTree = BUILT_PRODUCTS_DIR; };
		3F09DBB71C8E3FFC00B9E41D /* main.m */ = {isa = PBXFileReference; lastKnownFileType = sourcecode.c.objc; path = main.m; sourceTree = "<group>"; };
		3F09DBB91C8E3FFC00B9E41D /* AppDelegate.h */ = {isa = PBXFileReference; lastKnownFileType = sourcecode.c.h; path = AppDelegate.h; sourceTree = "<group>"; };
		3F09DBBA1C8E3FFC00B9E41D /* AppDelegate.m */ = {isa = PBXFileReference; lastKnownFileType = sourcecode.c.objc; path = AppDelegate.m; sourceTree = "<group>"; };
		3F09DBBC1C8E3FFC00B9E41D /* ViewController.h */ = {isa = PBXFileReference; lastKnownFileType = sourcecode.c.h; path = ViewController.h; sourceTree = "<group>"; };
		3F09DBBD1C8E3FFC00B9E41D /* ViewController.m */ = {isa = PBXFileReference; lastKnownFileType = sourcecode.c.objc; path = ViewController.m; sourceTree = "<group>"; };
		3F09DBC01C8E3FFC00B9E41D /* Base */ = {isa = PBXFileReference; lastKnownFileType = file.storyboard; name = Base; path = Base.lproj/Main.storyboard; sourceTree = "<group>"; };
		3F09DBC31C8E3FFC00B9E41D /* WeatherApp.xcdatamodel */ = {isa = PBXFileReference; lastKnownFileType = wrapper.xcdatamodel; path = WeatherApp.xcdatamodel; sourceTree = "<group>"; };
		3F09DBC51C8E3FFC00B9E41D /* Assets.xcassets */ = {isa = PBXFileReference; lastKnownFileType = folder.assetcatalog; path = Assets.xcassets; sourceTree = "<group>"; };
		3F09DBC81C8E3FFC00B9E41D /* Base */ = {isa = PBXFileReference; lastKnownFileType = file.storyboard; name = Base; path = Base.lproj/LaunchScreen.storyboard; sourceTree = "<group>"; };
		3F09DBCA1C8E3FFC00B9E41D /* Info.plist */ = {isa = PBXFileReference; lastKnownFileType = text.plist.xml; path = Info.plist; sourceTree = "<group>"; };
/* End PBXFileReference section */

/* Begin PBXFrameworksBuildPhase section */
		3F09DBB01C8E3FFC00B9E41D /* Frameworks */ = {
			isa = PBXFrameworksBuildPhase;
			buildActionMask = 2147483647;
			files = (
			);
			runOnlyForDeploymentPostprocessing = 0;
		};
/* End PBXFrameworksBuildPhase section */

/* Begin PBXGroup section */
		3F09DBAA1C8E3FFC00B9E41D = {
			isa = PBXGroup;
			children = (
				3F09DBB51C8E3FFC00B9E41D /* WeatherApp */,
				3F09DBB41C8E3FFC00B9E41D /* Products */,
			);
			sourceTree = "<group>";
		};
		3F09DBB41C8E3FFC00B9E41D /* Products */ = {
			isa = PBXGroup;
			children = (
				3F09DBB31C8E3FFC00B9E41D /* WeatherApp.app */,
			);
			name = Products;
			sourceTree = "<group>";
		};
		3F09DBB51C8E3FFC00B9E41D /* WeatherApp */ = {
			isa = PBXGroup;
			children = (
				3F09DBB91C8E3FFC00B9E41D /* AppDelegate.h */,
				3F09DBBA1C8E3FFC00B9E41D /* AppDelegate.m */,
				3F09DBBC1C8E3FFC00B9E41D /* ViewController.h */,
				3F09DBBD1C8E3FFC00B9E41D /* ViewController.m */,
				3F09DBBF1C8E3FFC00B9E41D /* Main.storyboard */,
				3F09DBC51C8E3FFC00B9E41D /* Assets.xcassets */,
				3F09DBC71C8E3FFC00B9E41D /* LaunchScreen.storyboard */,
				3F09DBCA1C8E3FFC00B9E41D /* Info.plist */,
				3F09DBC21C8E3FFC00B9E41D /* WeatherApp.xcdatamodeld */,
				3F09DBB61C8E3FFC00B9E41D /* Supporting Files */,
			);
			path = WeatherApp;
			sourceTree = "<group>";
		};
		3F09DBB61C8E3FFC00B9E41D /* Supporting Files */ = {
			isa = PBXGroup;
			children = (
				3F09DBB71C8E3FFC00B9E41D /* main.m */,
			);
			name = "Supporting Files";
			sourceTree = "<group>";
		};
/* End PBXGroup section */

/* Begin PBXNativeTarget section */
		3F09DBB21C8E3FFC00B9E41D /* WeatherApp */ = {
			isa = PBXNativeTarget;
			buildConfigurationList = 3F09DBCD1C8E3FFC00B9E41D /* Build configuration list for PBXNativeTarget "WeatherApp" */;
			buildPhases = (
				3F09DBAF1C8E3FFC00B9E41D /* Sources */,
				3F09DBB01C8E3FFC00B9E41D /* Frameworks */,
				3F09DBB11C8E3FFC00B9E41D /* Resources */,
			);
			buildRules = (
			);
			dependencies = (
			);
			name = WeatherApp;
			productName = WeatherApp;
			productReference = 3F09DBB31C8E3FFC00B9E41D /* WeatherApp.app */;
			productType = "com.apple.product-type.application";
		};
/* End PBXNativeTarget section */

/* Begin PBXProject section */
		3F09DBAB1C8E3FFC00B9E41D /* Project object */ = {
			isa = PBXProject;
			attributes = {
				LastUpgradeCheck = 0720;
				ORGANIZATIONNAME = Canary;
				TargetAttributes = {
					3F09DBB21C8E3FFC00B9E41D = {
						CreatedOnToolsVersion = 7.2;
					};
				};
			};
			buildConfigurationList = 3F09DBAE1C8E3FFC00B9E41D /* Build configuration list for PBXProject "WeatherApp" */;
			compatibilityVersion = "Xcode 3.2";
			developmentRegion = English;
			hasScannedForEncodings = 0;
			knownRegions = (
				en,
				Base,
			);
			mainGroup = 3F09DBAA1C8E3FFC00B9E41D;
			productRefGroup = 3F09DBB41C8E3FFC00B9E41D /* Products */;
			projectDirPath = "";
			projectRoot = "";
			targets = (
				3F09DBB21C8E3FFC00B9E41D /* WeatherApp */,
			);
		};
/* End PBXProject section */

/* Begin PBXResourcesBuildPhase section */
		3F09DBB11C8E3FFC00B9E41D /* Resources */ = {
			isa = PBXResourcesBuildPhase;
			buildActionMask = 2147483647;
			files = (
				3F09DBC91C8E3FFC00B9E41D /* LaunchScreen.storyboard in Resources */,
				3F09DBC61C8E3FFC00B9E41D /* Assets.xcassets in Resources */,
				3F09DBC11C8E3FFC00B9E41D /* Main.storyboard in Resources */,
			);
			runOnlyForDeploymentPostprocessing = 0;
		};
/* End PBXResourcesBuildPhase section */

/* Begin PBXSourcesBuildPhase section */
		3F09DBAF1C8E3FFC00B9E41D /* Sources */ = {
			isa = PBXSourcesBuildPhase;
			buildActionMask = 2147483647;
			files = (
				3F09DBC41C8E3FFC00B9E41D /* WeatherApp.xcdatamodeld in Sources */,
				3F09DBBE1C8E3FFC00B9E41D /* ViewController.m in Sources */,
				3F09DBBB1C8E3FFC00B9E41D /* AppDelegate.m in Sources */,
				3F09DBB81C8E3FFC00B9E41D /* main.m in Sources */,
			);
			runOnlyForDeploymentPostprocessing = 0;
		};
/* End PBXSourcesBuildPhase section */

/* Begin PBXVariantGroup section */
		3F09DBBF1C8E3FFC00B9E41D /* Main.storyboard */ = {
			isa = PBXVariantGroup;
			children = (
				3F09DBC01C8E3FFC00B9E41D /* Base */,
			);
			name = Main.storyboard;
			sourceTree = "<group>";
		};
		3F09DBC71C8E3FFC00B9E41D /* LaunchScreen.storyboard */ = {
			isa = PBXVariantGroup;
			children = (
				3F09DBC81C8E3FFC00B9E41D /* Base */,
			);
			name = LaunchScreen.storyboard;
			sourceTree = "<group>";
		};
/* End PBXVariantGroup section */

/* Begin XCBuildConfiguration section */
		3F09DBCB1C8E3FFC00B9E41D /* Debug */ = {
			isa = XCBuildConfiguration;
			buildSettings = {
				ALWAYS_SEARCH_USER_PATHS = NO;
				CLANG_CXX_LANGUAGE_STANDARD = "gnu++0x";
				CLANG_CXX_LIBRARY = "libc++";
				CLANG_ENABLE_MODULES = YES;
				CLANG_ENABLE_OBJC_ARC = YES;
				CLANG_WARN_BOOL_CONVERSION = YES;
				CLANG_WARN_CONSTANT_CONVERSION = YES;
				CLANG_WARN_DIRECT_OBJC_ISA_USAGE = YES_ERROR;
				CLANG_WARN_EMPTY_BODY = YES;
				CLANG_WARN_ENUM_CONVERSION = YES;
				CLANG_WARN_INT_CONVERSION = YES;
				CLANG_WARN_OBJC_ROOT_CLASS = YES_ERROR;
				CLANG_WARN_UNREACHABLE_CODE = YES;
				CLANG_WARN__DUPLICATE_METHOD_MATCH = YES;
				"CODE_SIGN_IDENTITY[sdk=iphoneos*]" = "iPhone Developer";
				COPY_PHASE_STRIP = NO;
				DEBUG_INFORMATION_FORMAT = dwarf;
				ENABLE_STRICT_OBJC_MSGSEND = YES;
				ENABLE_TESTABILITY = YES;
				GCC_C_LANGUAGE_STANDARD = gnu99;
				GCC_DYNAMIC_NO_PIC = NO;
				GCC_NO_COMMON_BLOCKS = YES;
				GCC_OPTIMIZATION_LEVEL = 0;
				GCC_PREPROCESSOR_DEFINITIONS = (
					"DEBUG=1",
					"$(inherited)",
				);
				GCC_WARN_64_TO_32_BIT_CONVERSION = YES;
				GCC_WARN_ABOUT_RETURN_TYPE = YES_ERROR;
				GCC_WARN_UNDECLARED_SELECTOR = YES;
				GCC_WARN_UNINITIALIZED_AUTOS = YES_AGGRESSIVE;
				GCC_WARN_UNUSED_FUNCTION = YES;
				GCC_WARN_UNUSED_VARIABLE = YES;
				IPHONEOS_DEPLOYMENT_TARGET = 9.2;
				MTL_ENABLE_DEBUG_INFO = YES;
				ONLY_ACTIVE_ARCH = YES;
				SDKROOT = iphoneos;
			};
			name = Debug;
		};
		3F09DBCC1C8E3FFC00B9E41D /* Release */ = {
			isa = XCBuildConfiguration;
			buildSettings = {
				ALWAYS_SEARCH_USER_PATHS = NO;
				CLANG_CXX_LANGUAGE_STANDARD = "gnu++0x";
				CLANG_CXX_LIBRARY = "libc++";
				CLANG_ENABLE_MODULES = YES;
				CLANG_ENABLE_OBJC_ARC = YES;
				CLANG_WARN_BOOL_CONVERSION = YES;
				CLANG_WARN_CONSTANT_CONVERSION = YES;
				CLANG_WARN_DIRECT_OBJC_ISA_USAGE = YES_ERROR;
				CLANG_WARN_EMPTY_BODY = YES;
				CLANG_WARN_ENUM_CONVERSION = YES;
				CLANG_WARN_INT_CONVERSION = YES;
				CLANG_WARN_OBJC_ROOT_CLASS = YES_ERROR;
				CLANG_WARN_UNREACHABLE_CODE = YES;
				CLANG_WARN__DUPLICATE_METHOD_MATCH = YES;
				"CODE_SIGN_IDENTITY[sdk=iphoneos*]" = "iPhone Developer";
				COPY_PHASE_STRIP = NO;
				DEBUG_INFORMATION_FORMAT = "dwarf-with-dsym";
				ENABLE_NS_ASSERTIONS = NO;
				ENABLE_STRICT_OBJC_MSGSEND = YES;
				GCC_C_LANGUAGE_STANDARD = gnu99;
				GCC_NO_COMMON_BLOCKS = YES;
				GCC_WARN_64_TO_32_BIT_CONVERSION = YES;
				GCC_WARN_ABOUT_RETURN_TYPE = YES_ERROR;
				GCC_WARN_UNDECLARED_SELECTOR = YES;
				GCC_WARN_UNINITIALIZED_AUTOS = YES_AGGRESSIVE;
				GCC_WARN_UNUSED_FUNCTION = YES;
				GCC_WARN_UNUSED_VARIABLE = YES;
				IPHONEOS_DEPLOYMENT_TARGET = 9.2;
				MTL_ENABLE_DEBUG_INFO = NO;
				SDKROOT = iphoneos;
				VALIDATE_PRODUCT = YES;
			};
			name = Release;
		};
		3F09DBCE1C8E3FFC00B9E41D /* Debug */ = {
			isa = XCBuildConfiguration;
			buildSettings = {
				ASSETCATALOG_COMPILER_APPICON_NAME = AppIcon;
				INFOPLIST_FILE = WeatherApp/Info.plist;
				LD_RUNPATH_SEARCH_PATHS = "$(inherited) @executable_path/Frameworks";
				PRODUCT_BUNDLE_IDENTIFIER = is.Canary.WeatherApp;
				PRODUCT_NAME = "$(TARGET_NAME)";
			};
			name = Debug;
		};
		3F09DBCF1C8E3FFC00B9E41D /* Release */ = {
			isa = XCBuildConfiguration;
			buildSettings = {
				ASSETCATALOG_COMPILER_APPICON_NAME = AppIcon;
				INFOPLIST_FILE = WeatherApp/Info.plist;
				LD_RUNPATH_SEARCH_PATHS = "$(inherited) @executable_path/Frameworks";
				PRODUCT_BUNDLE_IDENTIFIER = is.Canary.WeatherApp;
				PRODUCT_NAME = "$(TARGET_NAME)";
			};
			name = Release;
		};
/* End XCBuildConfiguration section */

/* Begin XCConfigurationList section */
		3F09DBAE1C8E3FFC00B9E41D /* Build configuration list for PBXProject "WeatherApp" */ = {
			isa = XCConfigurationList;
			buildConfigurations = (
				3F09DBCB1C8E3FFC00B9E41D /* Debug */,
				3F09DBCC1C8E3FFC00B9E41D /* Release */,
			);
			defaultConfigurationIsVisible = 0;
			defaultConfigurationName = Release;
		};
		3F09DBCD1C8E3FFC00B9E41D /* Build configuration list for PBXNativeTarget "WeatherApp" */ = {
			isa = XCConfigurationList;
			buildConfigurations = (
				3F09DBCE1C8E3FFC00B9E41D /* Debug */,
				3F09DBCF1C8E3FFC00B9E41D /* Release */,
			);
			defaultConfigurationIsVisible = 0;
		};
/* End XCConfigurationList section */

/* Begin XCVersionGroup section */
		3F09DBC21C8E3FFC00B9E41D /* WeatherApp.xcdatamodeld */ = {
			isa = XCVersionGroup;
			children = (
				3F09DBC31C8E3FFC00B9E41D /* WeatherApp.xcdatamodel */,
			);
			currentVersion = 3F09DBC31C8E3FFC00B9E41D /* WeatherApp.xcdatamodel */;
			path = WeatherApp.xcdatamodeld;
			sourceTree = "<group>";
			versionGroupType = wrapper.xcdatamodel;
		};
/* End XCVersionGroup section */
	};
	rootObject = 3F09DBAB1C8E3FFC00B9E41D /* Project object */;
}
